
Microsoft Visual Studio Solution File, Format Version 12.00
# Visual Studio Version 17
VisualStudioVersion = 17.3.32901.215
MinimumVisualStudioVersion = 10.0.40219.1
Project("{FAE04EC0-301F-11D3-BF4B-00C04F79EFBC}") = "UnboundWorldView", "UnboundWorldView\UnboundWorldView.csproj", "{ED8327B4-2CAE-49C8-BC2F-F68205F5DF64}"
EndProject
Project("{2150E333-8FDC-42A3-9474-1A3956D46DE8}") = "Solution Items", "Solution Items", "{550F1D71-6355-4D67-91BB-15D2E1891870}"
	ProjectSection(SolutionItems) = preProject
		.editorconfig = .editorconfig
		Directory.Build.props = Directory.Build.props
		README.md = README.md
	EndProjectSection
EndProject
Global
	GlobalSection(SolutionConfigurationPlatforms) = preSolution
		Debug|Any CPU = Debug|Any CPU
		Release|Any CPU = Release|Any CPU
	EndGlobalSection
	GlobalSection(ProjectConfigurationPlatforms) = postSolution
		{ED8327B4-2CAE-49C8-BC2F-F68205F5DF64}.Debug|Any CPU.ActiveCfg = Debug|Any CPU
		{ED8327B4-2CAE-49C8-BC2F-F68205F5DF64}.Debug|Any CPU.Build.0 = Debug|Any CPU
		{ED8327B4-2CAE-49C8-BC2F-F68205F5DF64}.Release|Any CPU.ActiveCfg = Release|Any CPU
		{ED8327B4-2CAE-49C8-BC2F-F68205F5DF64}.Release|Any CPU.Build.0 = Release|Any CPU
	EndGlobalSection
	GlobalSection(SolutionProperties) = preSolution
		HideSolutionNode = FALSE
	EndGlobalSection
	GlobalSection(ExtensibilityGlobals) = postSolution
		SolutionGuid = {B0B15766-A7B9-4CB1-A9A0-EE502996942A}
	EndGlobalSection
EndGlobal
